// !$*UTF8*$!
{
	archiveVersion = 1;
	classes = {
	};
	objectVersion = 50;
	objects = {

/* Begin PBXBuildFile section */
		DA0C929C260C9C5500E11072 /* AppDelegate.swift in Sources */ = {isa = PBXBuildFile; fileRef = DA0C929B260C9C5500E11072 /* AppDelegate.swift */; };
		DA0C929E260C9C5500E11072 /* SceneDelegate.swift in Sources */ = {isa = PBXBuildFile; fileRef = DA0C929D260C9C5500E11072 /* SceneDelegate.swift */; };
		DA0C92A0260C9C5500E11072 /* ViewController.swift in Sources */ = {isa = PBXBuildFile; fileRef = DA0C929F260C9C5500E11072 /* ViewController.swift */; };
		DA0C92A3260C9C5500E11072 /* Main.storyboard in Resources */ = {isa = PBXBuildFile; fileRef = DA0C92A1260C9C5500E11072 /* Main.storyboard */; };
		DA0C92A5260C9C5800E11072 /* Assets.xcassets in Resources */ = {isa = PBXBuildFile; fileRef = DA0C92A4260C9C5800E11072 /* Assets.xcassets */; };
		DA0C92A8260C9C5800E11072 /* LaunchScreen.storyboard in Resources */ = {isa = PBXBuildFile; fileRef = DA0C92A6260C9C5800E11072 /* LaunchScreen.storyboard */; };
		DA0C92B3260C9C5800E11072 /* _0210325Tests.swift in Sources */ = {isa = PBXBuildFile; fileRef = DA0C92B2260C9C5800E11072 /* _0210325Tests.swift */; };
		DA0C92BE260C9C5800E11072 /* _0210325UITests.swift in Sources */ = {isa = PBXBuildFile; fileRef = DA0C92BD260C9C5800E11072 /* _0210325UITests.swift */; };
/* End PBXBuildFile section */

/* Begin PBXContainerItemProxy section */
		DA0C92AF260C9C5800E11072 /* PBXContainerItemProxy */ = {
			isa = PBXContainerItemProxy;
			containerPortal = DA0C9290260C9C5500E11072 /* Project object */;
			proxyType = 1;
			remoteGlobalIDString = DA0C9297260C9C5500E11072;
			remoteInfo = 20210325;
		};
		DA0C92BA260C9C5800E11072 /* PBXContainerItemProxy */ = {
			isa = PBXContainerItemProxy;
			containerPortal = DA0C9290260C9C5500E11072 /* Project object */;
			proxyType = 1;
			remoteGlobalIDString = DA0C9297260C9C5500E11072;
			remoteInfo = 20210325;
		};
/* End PBXContainerItemProxy section */

/* Begin PBXFileReference section */
		DA0C9298260C9C5500E11072 /* 20210325.app */ = {isa = PBXFileReference; explicitFileType = wrapper.application; includeInIndex = 0; path = 20210325.app; sourceTree = BUILT_PRODUCTS_DIR; };
		DA0C929B260C9C5500E11072 /* AppDelegate.swift */ = {isa = PBXFileReference; lastKnownFileType = sourcecode.swift; path = AppDelegate.swift; sourceTree = "<group>"; };
		DA0C929D260C9C5500E11072 /* SceneDelegate.swift */ = {isa = PBXFileReference; lastKnownFileType = sourcecode.swift; path = SceneDelegate.swift; sourceTree = "<group>"; };
		DA0C929F260C9C5500E11072 /* ViewController.swift */ = {isa = PBXFileReference; lastKnownFileType = sourcecode.swift; path = ViewController.swift; sourceTree = "<group>"; };
		DA0C92A2260C9C5500E11072 /* Base */ = {isa = PBXFileReference; lastKnownFileType = file.storyboard; name = Base; path = Base.lproj/Main.storyboard; sourceTree = "<group>"; };
		DA0C92A4260C9C5800E11072 /* Assets.xcassets */ = {isa = PBXFileReference; lastKnownFileType = folder.assetcatalog; path = Assets.xcassets; sourceTree = "<group>"; };
		DA0C92A7260C9C5800E11072 /* Base */ = {isa = PBXFileReference; lastKnownFileType = file.storyboard; name = Base; path = Base.lproj/LaunchScreen.storyboard; sourceTree = "<group>"; };
		DA0C92A9260C9C5800E11072 /* Info.plist */ = {isa = PBXFileReference; lastKnownFileType = text.plist.xml; path = Info.plist; sourceTree = "<group>"; };
		DA0C92AE260C9C5800E11072 /* 20210325Tests.xctest */ = {isa = PBXFileReference; explicitFileType = wrapper.cfbundle; includeInIndex = 0; path = 20210325Tests.xctest; sourceTree = BUILT_PRODUCTS_DIR; };
		DA0C92B2260C9C5800E11072 /* _0210325Tests.swift */ = {isa = PBXFileReference; lastKnownFileType = sourcecode.swift; path = _0210325Tests.swift; sourceTree = "<group>"; };
		DA0C92B4260C9C5800E11072 /* Info.plist */ = {isa = PBXFileReference; lastKnownFileType = text.plist.xml; path = Info.plist; sourceTree = "<group>"; };
		DA0C92B9260C9C5800E11072 /* 20210325UITests.xctest */ = {isa = PBXFileReference; explicitFileType = wrapper.cfbundle; includeInIndex = 0; path = 20210325UITests.xctest; sourceTree = BUILT_PRODUCTS_DIR; };
		DA0C92BD260C9C5800E11072 /* _0210325UITests.swift */ = {isa = PBXFileReference; lastKnownFileType = sourcecode.swift; path = _0210325UITests.swift; sourceTree = "<group>"; };
		DA0C92BF260C9C5800E11072 /* Info.plist */ = {isa = PBXFileReference; lastKnownFileType = text.plist.xml; path = Info.plist; sourceTree = "<group>"; };
/* End PBXFileReference section */

/* Begin PBXFrameworksBuildPhase section */
		DA0C9295260C9C5500E11072 /* Frameworks */ = {
			isa = PBXFrameworksBuildPhase;
			buildActionMask = 2147483647;
			files = (
			);
			runOnlyForDeploymentPostprocessing = 0;
		};
		DA0C92AB260C9C5800E11072 /* Frameworks */ = {
			isa = PBXFrameworksBuildPhase;
			buildActionMask = 2147483647;
			files = (
			);
			runOnlyForDeploymentPostprocessing = 0;
		};
		DA0C92B6260C9C5800E11072 /* Frameworks */ = {
			isa = PBXFrameworksBuildPhase;
			buildActionMask = 2147483647;
			files = (
			);
			runOnlyForDeploymentPostprocessing = 0;
		};
/* End PBXFrameworksBuildPhase section */

/* Begin PBXGroup section */
		DA0C928F260C9C5500E11072 = {
			isa = PBXGroup;
			children = (
				DA0C929A260C9C5500E11072 /* 20210325 */,
				DA0C92B1260C9C5800E11072 /* 20210325Tests */,
				DA0C92BC260C9C5800E11072 /* 20210325UITests */,
				DA0C9299260C9C5500E11072 /* Products */,
			);
			sourceTree = "<group>";
		};
		DA0C9299260C9C5500E11072 /* Products */ = {
			isa = PBXGroup;
			children = (
				DA0C9298260C9C5500E11072 /* 20210325.app */,
				DA0C92AE260C9C5800E11072 /* 20210325Tests.xctest */,
				DA0C92B9260C9C5800E11072 /* 20210325UITests.xctest */,
			);
			name = Products;
			sourceTree = "<group>";
		};
		DA0C929A260C9C5500E11072 /* 20210325 */ = {
			isa = PBXGroup;
			children = (
				DA0C929B260C9C5500E11072 /* AppDelegate.swift */,
				DA0C929D260C9C5500E11072 /* SceneDelegate.swift */,
				DA0C929F260C9C5500E11072 /* ViewController.swift */,
				DA0C92A1260C9C5500E11072 /* Main.storyboard */,
				DA0C92A4260C9C5800E11072 /* Assets.xcassets */,
				DA0C92A6260C9C5800E11072 /* LaunchScreen.storyboard */,
				DA0C92A9260C9C5800E11072 /* Info.plist */,
			);
			path = 20210325;
			sourceTree = "<group>";
		};
		DA0C92B1260C9C5800E11072 /* 20210325Tests */ = {
			isa = PBXGroup;
			children = (
				DA0C92B2260C9C5800E11072 /* _0210325Tests.swift */,
				DA0C92B4260C9C5800E11072 /* Info.plist */,
			);
			path = 20210325Tests;
			sourceTree = "<group>";
		};
		DA0C92BC260C9C5800E11072 /* 20210325UITests */ = {
			isa = PBXGroup;
			children = (
				DA0C92BD260C9C5800E11072 /* _0210325UITests.swift */,
				DA0C92BF260C9C5800E11072 /* Info.plist */,
			);
			path = 20210325UITests;
			sourceTree = "<group>";
		};
/* End PBXGroup section */

/* Begin PBXNativeTarget section */
		DA0C9297260C9C5500E11072 /* 20210325 */ = {
			isa = PBXNativeTarget;
			buildConfigurationList = DA0C92C2260C9C5800E11072 /* Build configuration list for PBXNativeTarget "20210325" */;
			buildPhases = (
				DA0C9294260C9C5500E11072 /* Sources */,
				DA0C9295260C9C5500E11072 /* Frameworks */,
				DA0C9296260C9C5500E11072 /* Resources */,
			);
			buildRules = (
			);
			dependencies = (
			);
			name = 20210325;
			productName = 20210325;
			productReference = DA0C9298260C9C5500E11072 /* 20210325.app */;
			productType = "com.apple.product-type.application";
		};
		DA0C92AD260C9C5800E11072 /* 20210325Tests */ = {
			isa = PBXNativeTarget;
			buildConfigurationList = DA0C92C5260C9C5800E11072 /* Build configuration list for PBXNativeTarget "20210325Tests" */;
			buildPhases = (
				DA0C92AA260C9C5800E11072 /* Sources */,
				DA0C92AB260C9C5800E11072 /* Frameworks */,
				DA0C92AC260C9C5800E11072 /* Resources */,
			);
			buildRules = (
			);
			dependencies = (
				DA0C92B0260C9C5800E11072 /* PBXTargetDependency */,
			);
			name = 20210325Tests;
			productName = 20210325Tests;
			productReference = DA0C92AE260C9C5800E11072 /* 20210325Tests.xctest */;
			productType = "com.apple.product-type.bundle.unit-test";
		};
		DA0C92B8260C9C5800E11072 /* 20210325UITests */ = {
			isa = PBXNativeTarget;
			buildConfigurationList = DA0C92C8260C9C5800E11072 /* Build configuration list for PBXNativeTarget "20210325UITests" */;
			buildPhases = (
				DA0C92B5260C9C5800E11072 /* Sources */,
				DA0C92B6260C9C5800E11072 /* Frameworks */,
				DA0C92B7260C9C5800E11072 /* Resources */,
			);
			buildRules = (
			);
			dependencies = (
				DA0C92BB260C9C5800E11072 /* PBXTargetDependency */,
			);
			name = 20210325UITests;
			productName = 20210325UITests;
			productReference = DA0C92B9260C9C5800E11072 /* 20210325UITests.xctest */;
			productType = "com.apple.product-type.bundle.ui-testing";
		};
/* End PBXNativeTarget section */

/* Begin PBXProject section */
		DA0C9290260C9C5500E11072 /* Project object */ = {
			isa = PBXProject;
			attributes = {
				LastSwiftUpdateCheck = 1240;
				LastUpgradeCheck = 1240;
				TargetAttributes = {
					DA0C9297260C9C5500E11072 = {
						CreatedOnToolsVersion = 12.4;
					};
					DA0C92AD260C9C5800E11072 = {
						CreatedOnToolsVersion = 12.4;
						TestTargetID = DA0C9297260C9C5500E11072;
					};
					DA0C92B8260C9C5800E11072 = {
						CreatedOnToolsVersion = 12.4;
						TestTargetID = DA0C9297260C9C5500E11072;
					};
				};
			};
			buildConfigurationList = DA0C9293260C9C5500E11072 /* Build configuration list for PBXProject "20210325" */;
			compatibilityVersion = "Xcode 9.3";
			developmentRegion = en;
			hasScannedForEncodings = 0;
			knownRegions = (
				en,
				Base,
			);
			mainGroup = DA0C928F260C9C5500E11072;
			productRefGroup = DA0C9299260C9C5500E11072 /* Products */;
			projectDirPath = "";
			projectRoot = "";
			targets = (
				DA0C9297260C9C5500E11072 /* 20210325 */,
				DA0C92AD260C9C5800E11072 /* 20210325Tests */,
				DA0C92B8260C9C5800E11072 /* 20210325UITests */,
			);
		};
/* End PBXProject section */

/* Begin PBXResourcesBuildPhase section */
		DA0C9296260C9C5500E11072 /* Resources */ = {
			isa = PBXResourcesBuildPhase;
			buildActionMask = 2147483647;
			files = (
				DA0C92A8260C9C5800E11072 /* LaunchScreen.storyboard in Resources */,
				DA0C92A5260C9C5800E11072 /* Assets.xcassets in Resources */,
				DA0C92A3260C9C5500E11072 /* Main.storyboard in Resources */,
			);
			runOnlyForDeploymentPostprocessing = 0;
		};
		DA0C92AC260C9C5800E11072 /* Resources */ = {
			isa = PBXResourcesBuildPhase;
			buildActionMask = 2147483647;
			files = (
			);
			runOnlyForDeploymentPostprocessing = 0;
		};
		DA0C92B7260C9C5800E11072 /* Resources */ = {
			isa = PBXResourcesBuildPhase;
			buildActionMask = 2147483647;
			files = (
			);
			runOnlyForDeploymentPostprocessing = 0;
		};
/* End PBXResourcesBuildPhase section */

/* Begin PBXSourcesBuildPhase section */
		DA0C9294260C9C5500E11072 /* Sources */ = {
			isa = PBXSourcesBuildPhase;
			buildActionMask = 2147483647;
			files = (
				DA0C92A0260C9C5500E11072 /* ViewController.swift in Sources */,
				DA0C929C260C9C5500E11072 /* AppDelegate.swift in Sources */,
				DA0C929E260C9C5500E11072 /* SceneDelegate.swift in Sources */,
			);
			runOnlyForDeploymentPostprocessing = 0;
		};
		DA0C92AA260C9C5800E11072 /* Sources */ = {
			isa = PBXSourcesBuildPhase;
			buildActionMask = 2147483647;
			files = (
				DA0C92B3260C9C5800E11072 /* _0210325Tests.swift in Sources */,
			);
			runOnlyForDeploymentPostprocessing = 0;
		};
		DA0C92B5260C9C5800E11072 /* Sources */ = {
			isa = PBXSourcesBuildPhase;
			buildActionMask = 2147483647;
			files = (
				DA0C92BE260C9C5800E11072 /* _0210325UITests.swift in Sources */,
			);
			runOnlyForDeploymentPostprocessing = 0;
		};
/* End PBXSourcesBuildPhase section */

/* Begin PBXTargetDependency section */
		DA0C92B0260C9C5800E11072 /* PBXTargetDependency */ = {
			isa = PBXTargetDependency;
			target = DA0C9297260C9C5500E11072 /* 20210325 */;
			targetProxy = DA0C92AF260C9C5800E11072 /* PBXContainerItemProxy */;
		};
		DA0C92BB260C9C5800E11072 /* PBXTargetDependency */ = {
			isa = PBXTargetDependency;
			target = DA0C9297260C9C5500E11072 /* 20210325 */;
			targetProxy = DA0C92BA260C9C5800E11072 /* PBXContainerItemProxy */;
		};
/* End PBXTargetDependency section */

/* Begin PBXVariantGroup section */
		DA0C92A1260C9C5500E11072 /* Main.storyboard */ = {
			isa = PBXVariantGroup;
			children = (
				DA0C92A2260C9C5500E11072 /* Base */,
			);
			name = Main.storyboard;
			sourceTree = "<group>";
		};
		DA0C92A6260C9C5800E11072 /* LaunchScreen.storyboard */ = {
			isa = PBXVariantGroup;
			children = (
				DA0C92A7260C9C5800E11072 /* Base */,
			);
			name = LaunchScreen.storyboard;
			sourceTree = "<group>";
		};
/* End PBXVariantGroup section */

/* Begin XCBuildConfiguration section */
		DA0C92C0260C9C5800E11072 /* Debug */ = {
			isa = XCBuildConfiguration;
			buildSettings = {
				ALWAYS_SEARCH_USER_PATHS = NO;
				CLANG_ANALYZER_NONNULL = YES;
				CLANG_ANALYZER_NUMBER_OBJECT_CONVERSION = YES_AGGRESSIVE;
				CLANG_CXX_LANGUAGE_STANDARD = "gnu++14";
				CLANG_CXX_LIBRARY = "libc++";
				CLANG_ENABLE_MODULES = YES;
				CLANG_ENABLE_OBJC_ARC = YES;
				CLANG_ENABLE_OBJC_WEAK = YES;
				CLANG_WARN_BLOCK_CAPTURE_AUTORELEASING = YES;
				CLANG_WARN_BOOL_CONVERSION = YES;
				CLANG_WARN_COMMA = YES;
				CLANG_WARN_CONSTANT_CONVERSION = YES;
				CLANG_WARN_DEPRECATED_OBJC_IMPLEMENTATIONS = YES;
				CLANG_WARN_DIRECT_OBJC_ISA_USAGE = YES_ERROR;
				CLANG_WARN_DOCUMENTATION_COMMENTS = YES;
				CLANG_WARN_EMPTY_BODY = YES;
				CLANG_WARN_ENUM_CONVERSION = YES;
				CLANG_WARN_INFINITE_RECURSION = YES;
				CLANG_WARN_INT_CONVERSION = YES;
				CLANG_WARN_NON_LITERAL_NULL_CONVERSION = YES;
				CLANG_WARN_OBJC_IMPLICIT_RETAIN_SELF = YES;
				CLANG_WARN_OBJC_LITERAL_CONVERSION = YES;
				CLANG_WARN_OBJC_ROOT_CLASS = YES_ERROR;
				CLANG_WARN_QUOTED_INCLUDE_IN_FRAMEWORK_HEADER = YES;
				CLANG_WARN_RANGE_LOOP_ANALYSIS = YES;
				CLANG_WARN_STRICT_PROTOTYPES = YES;
				CLANG_WARN_SUSPICIOUS_MOVE = YES;
				CLANG_WARN_UNGUARDED_AVAILABILITY = YES_AGGRESSIVE;
				CLANG_WARN_UNREACHABLE_CODE = YES;
				CLANG_WARN__DUPLICATE_METHOD_MATCH = YES;
				COPY_PHASE_STRIP = NO;
				DEBUG_INFORMATION_FORMAT = dwarf;
				ENABLE_STRICT_OBJC_MSGSEND = YES;
				ENABLE_TESTABILITY = YES;
				GCC_C_LANGUAGE_STANDARD = gnu11;
				GCC_DYNAMIC_NO_PIC = NO;
				GCC_NO_COMMON_BLOCKS = YES;
				GCC_OPTIMIZATION_LEVEL = 0;
				GCC_PREPROCESSOR_DEFINITIONS = (
					"DEBUG=1",
					"$(inherited)",
				);
				GCC_WARN_64_TO_32_BIT_CONVERSION = YES;
				GCC_WARN_ABOUT_RETURN_TYPE = YES_ERROR;
				GCC_WARN_UNDECLARED_SELECTOR = YES;
				GCC_WARN_UNINITIALIZED_AUTOS = YES_AGGRESSIVE;
				GCC_WARN_UNUSED_FUNCTION = YES;
				GCC_WARN_UNUSED_VARIABLE = YES;
				IPHONEOS_DEPLOYMENT_TARGET = 14.4;
				MTL_ENABLE_DEBUG_INFO = INCLUDE_SOURCE;
				MTL_FAST_MATH = YES;
				ONLY_ACTIVE_ARCH = YES;
				SDKROOT = iphoneos;
				SWIFT_ACTIVE_COMPILATION_CONDITIONS = DEBUG;
				SWIFT_OPTIMIZATION_LEVEL = "-Onone";
			};
			name = Debug;
		};
		DA0C92C1260C9C5800E11072 /* Release */ = {
			isa = XCBuildConfiguration;
			buildSettings = {
				ALWAYS_SEARCH_USER_PATHS = NO;
				CLANG_ANALYZER_NONNULL = YES;
				CLANG_ANALYZER_NUMBER_OBJECT_CONVERSION = YES_AGGRESSIVE;
				CLANG_CXX_LANGUAGE_STANDARD = "gnu++14";
				CLANG_CXX_LIBRARY = "libc++";
				CLANG_ENABLE_MODULES = YES;
				CLANG_ENABLE_OBJC_ARC = YES;
				CLANG_ENABLE_OBJC_WEAK = YES;
				CLANG_WARN_BLOCK_CAPTURE_AUTORELEASING = YES;
				CLANG_WARN_BOOL_CONVERSION = YES;
				CLANG_WARN_COMMA = YES;
				CLANG_WARN_CONSTANT_CONVERSION = YES;
				CLANG_WARN_DEPRECATED_OBJC_IMPLEMENTATIONS = YES;
				CLANG_WARN_DIRECT_OBJC_ISA_USAGE = YES_ERROR;
				CLANG_WARN_DOCUMENTATION_COMMENTS = YES;
				CLANG_WARN_EMPTY_BODY = YES;
				CLANG_WARN_ENUM_CONVERSION = YES;
				CLANG_WARN_INFINITE_RECURSION = YES;
				CLANG_WARN_INT_CONVERSION = YES;
				CLANG_WARN_NON_LITERAL_NULL_CONVERSION = YES;
				CLANG_WARN_OBJC_IMPLICIT_RETAIN_SELF = YES;
				CLANG_WARN_OBJC_LITERAL_CONVERSION = YES;
				CLANG_WARN_OBJC_ROOT_CLASS = YES_ERROR;
				CLANG_WARN_QUOTED_INCLUDE_IN_FRAMEWORK_HEADER = YES;
				CLANG_WARN_RANGE_LOOP_ANALYSIS = YES;
				CLANG_WARN_STRICT_PROTOTYPES = YES;
				CLANG_WARN_SUSPICIOUS_MOVE = YES;
				CLANG_WARN_UNGUARDED_AVAILABILITY = YES_AGGRESSIVE;
				CLANG_WARN_UNREACHABLE_CODE = YES;
				CLANG_WARN__DUPLICATE_METHOD_MATCH = YES;
				COPY_PHASE_STRIP = NO;
				DEBUG_INFORMATION_FORMAT = "dwarf-with-dsym";
				ENABLE_NS_ASSERTIONS = NO;
				ENABLE_STRICT_OBJC_MSGSEND = YES;
				GCC_C_LANGUAGE_STANDARD = gnu11;
				GCC_NO_COMMON_BLOCKS = YES;
				GCC_WARN_64_TO_32_BIT_CONVERSION = YES;
				GCC_WARN_ABOUT_RETURN_TYPE = YES_ERROR;
				GCC_WARN_UNDECLARED_SELECTOR = YES;
				GCC_WARN_UNINITIALIZED_AUTOS = YES_AGGRESSIVE;
				GCC_WARN_UNUSED_FUNCTION = YES;
				GCC_WARN_UNUSED_VARIABLE = YES;
				IPHONEOS_DEPLOYMENT_TARGET = 14.4;
				MTL_ENABLE_DEBUG_INFO = NO;
				MTL_FAST_MATH = YES;
				SDKROOT = iphoneos;
				SWIFT_COMPILATION_MODE = wholemodule;
				SWIFT_OPTIMIZATION_LEVEL = "-O";
				VALIDATE_PRODUCT = YES;
			};
			name = Release;
		};
		DA0C92C3260C9C5800E11072 /* Debug */ = {
			isa = XCBuildConfiguration;
			buildSettings = {
				ASSETCATALOG_COMPILER_APPICON_NAME = AppIcon;
				ASSETCATALOG_COMPILER_GLOBAL_ACCENT_COLOR_NAME = AccentColor;
				CODE_SIGN_STYLE = Automatic;
				INFOPLIST_FILE = 20210325/Info.plist;
				LD_RUNPATH_SEARCH_PATHS = (
					"$(inherited)",
					"@executable_path/Frameworks",
				);
				PRODUCT_BUNDLE_IDENTIFIER = "com.imleeliting.-0210325";
				PRODUCT_NAME = "$(TARGET_NAME)";
				SWIFT_VERSION = 5.0;
				TARGETED_DEVICE_FAMILY = "1,2";
			};
			name = Debug;
		};
		DA0C92C4260C9C5800E11072 /* Release */ = {
			isa = XCBuildConfiguration;
			buildSettings = {
				ASSETCATALOG_COMPILER_APPICON_NAME = AppIcon;
				ASSETCATALOG_COMPILER_GLOBAL_ACCENT_COLOR_NAME = AccentColor;
				CODE_SIGN_STYLE = Automatic;
				INFOPLIST_FILE = 20210325/Info.plist;
				LD_RUNPATH_SEARCH_PATHS = (
					"$(inherited)",
					"@executable_path/Frameworks",
				);
				PRODUCT_BUNDLE_IDENTIFIER = "com.imleeliting.-0210325";
				PRODUCT_NAME = "$(TARGET_NAME)";
				SWIFT_VERSION = 5.0;
				TARGETED_DEVICE_FAMILY = "1,2";
			};
			name = Release;
		};
		DA0C92C6260C9C5800E11072 /* Debug */ = {
			isa = XCBuildConfiguration;
			buildSettings = {
				ALWAYS_EMBED_SWIFT_STANDARD_LIBRARIES = YES;
				BUNDLE_LOADER = "$(TEST_HOST)";
				CODE_SIGN_STYLE = Automatic;
				INFOPLIST_FILE = 20210325Tests/Info.plist;
				IPHONEOS_DEPLOYMENT_TARGET = 14.4;
				LD_RUNPATH_SEARCH_PATHS = (
					"$(inherited)",
					"@executable_path/Frameworks",
					"@loader_path/Frameworks",
				);
				PRODUCT_BUNDLE_IDENTIFIER = "com.imleeliting.-0210325Tests";
				PRODUCT_NAME = "$(TARGET_NAME)";
				SWIFT_VERSION = 5.0;
				TARGETED_DEVICE_FAMILY = "1,2";
				TEST_HOST = "$(BUILT_PRODUCTS_DIR)/20210325.app/20210325";
			};
			name = Debug;
		};
		DA0C92C7260C9C5800E11072 /* Release */ = {
			isa = XCBuildConfiguration;
			buildSettings = {
				ALWAYS_EMBED_SWIFT_STANDARD_LIBRARIES = YES;
				BUNDLE_LOADER = "$(TEST_HOST)";
				CODE_SIGN_STYLE = Automatic;
				INFOPLIST_FILE = 20210325Tests/Info.plist;
				IPHONEOS_DEPLOYMENT_TARGET = 14.4;
				LD_RUNPATH_SEARCH_PATHS = (
					"$(inherited)",
					"@executable_path/Frameworks",
					"@loader_path/Frameworks",
				);
				PRODUCT_BUNDLE_IDENTIFIER = "com.imleeliting.-0210325Tests";
				PRODUCT_NAME = "$(TARGET_NAME)";
				SWIFT_VERSION = 5.0;
				TARGETED_DEVICE_FAMILY = "1,2";
				TEST_HOST = "$(BUILT_PRODUCTS_DIR)/20210325.app/20210325";
			};
			name = Release;
		};
		DA0C92C9260C9C5800E11072 /* Debug */ = {
			isa = XCBuildConfiguration;
			buildSettings = {
				ALWAYS_EMBED_SWIFT_STANDARD_LIBRARIES = YES;
				CODE_SIGN_STYLE = Automatic;
				INFOPLIST_FILE = 20210325UITests/Info.plist;
				LD_RUNPATH_SEARCH_PATHS = (
					"$(inherited)",
					"@executable_path/Frameworks",
					"@loader_path/Frameworks",
				);
				PRODUCT_BUNDLE_IDENTIFIER = "com.imleeliting.-0210325UITests";
				PRODUCT_NAME = "$(TARGET_NAME)";
				SWIFT_VERSION = 5.0;
				TARGETED_DEVICE_FAMILY = "1,2";
				TEST_TARGET_NAME = 20210325;
			};
			name = Debug;
		};
		DA0C92CA260C9C5800E11072 /* Release */ = {
			isa = XCBuildConfiguration;
			buildSettings = {
				ALWAYS_EMBED_SWIFT_STANDARD_LIBRARIES = YES;
				CODE_SIGN_STYLE = Automatic;
				INFOPLIST_FILE = 20210325UITests/Info.plist;
				LD_RUNPATH_SEARCH_PATHS = (
					"$(inherited)",
					"@executable_path/Frameworks",
					"@loader_path/Frameworks",
				);
				PRODUCT_BUNDLE_IDENTIFIER = "com.imleeliting.-0210325UITests";
				PRODUCT_NAME = "$(TARGET_NAME)";
				SWIFT_VERSION = 5.0;
				TARGETED_DEVICE_FAMILY = "1,2";
				TEST_TARGET_NAME = 20210325;
			};
			name = Release;
		};
/* End XCBuildConfiguration section */

/* Begin XCConfigurationList section */
		DA0C9293260C9C5500E11072 /* Build configuration list for PBXProject "20210325" */ = {
			isa = XCConfigurationList;
			buildConfigurations = (
				DA0C92C0260C9C5800E11072 /* Debug */,
				DA0C92C1260C9C5800E11072 /* Release */,
			);
			defaultConfigurationIsVisible = 0;
			defaultConfigurationName = Release;
		};
		DA0C92C2260C9C5800E11072 /* Build configuration list for PBXNativeTarget "20210325" */ = {
			isa = XCConfigurationList;
			buildConfigurations = (
				DA0C92C3260C9C5800E11072 /* Debug */,
				DA0C92C4260C9C5800E11072 /* Release */,
			);
			defaultConfigurationIsVisible = 0;
			defaultConfigurationName = Release;
		};
		DA0C92C5260C9C5800E11072 /* Build configuration list for PBXNativeTarget "20210325Tests" */ = {
			isa = XCConfigurationList;
			buildConfigurations = (
				DA0C92C6260C9C5800E11072 /* Debug */,
				DA0C92C7260C9C5800E11072 /* Release */,
			);
			defaultConfigurationIsVisible = 0;
			defaultConfigurationName = Release;
		};
		DA0C92C8260C9C5800E11072 /* Build configuration list for PBXNativeTarget "20210325UITests" */ = {
			isa = XCConfigurationList;
			buildConfigurations = (
				DA0C92C9260C9C5800E11072 /* Debug */,
				DA0C92CA260C9C5800E11072 /* Release */,
			);
			defaultConfigurationIsVisible = 0;
			defaultConfigurationName = Release;
		};
/* End XCConfigurationList section */
	};
	rootObject = DA0C9290260C9C5500E11072 /* Project object */;
}
